
Microsoft Visual Studio Solution File, Format Version 12.00
# Visual Studio Version 16
VisualStudioVersion = 16.0.29519.181
MinimumVisualStudioVersion = 10.0.40219.1
Project("{FAE04EC0-301F-11D3-BF4B-00C04F79EFBC}") = "ISMAU", "ISMAU\ISMAU.csproj", "{19EDCA49-0604-460E-9A1C-739AC6D145B5}"
EndProject
Project("{FAE04EC0-301F-11D3-BF4B-00C04F79EFBC}") = "ISMAU.DATA", "ISMAU.DATA\ISMAU.DATA.csproj", "{2CE924CA-FC87-403E-8570-692B23538DB0}"
EndProject
Global
	GlobalSection(SolutionConfigurationPlatforms) = preSolution
		Debug|Any CPU = Debug|Any CPU
		Release|Any CPU = Release|Any CPU
	EndGlobalSection
	GlobalSection(ProjectConfigurationPlatforms) = postSolution
		{19EDCA49-0604-460E-9A1C-739AC6D145B5}.Debug|Any CPU.ActiveCfg = Debug|Any CPU
		{19EDCA49-0604-460E-9A1C-739AC6D145B5}.Debug|Any CPU.Build.0 = Debug|Any CPU
		{19EDCA49-0604-460E-9A1C-739AC6D145B5}.Release|Any CPU.ActiveCfg = Release|Any CPU
		{19EDCA49-0604-460E-9A1C-739AC6D145B5}.Release|Any CPU.Build.0 = Release|Any CPU
		{2CE924CA-FC87-403E-8570-692B23538DB0}.Debug|Any CPU.ActiveCfg = Debug|Any CPU
		{2CE924CA-FC87-403E-8570-692B23538DB0}.Debug|Any CPU.Build.0 = Debug|Any CPU
		{2CE924CA-FC87-403E-8570-692B23538DB0}.Release|Any CPU.ActiveCfg = Release|Any CPU
		{2CE924CA-FC87-403E-8570-692B23538DB0}.Release|Any CPU.Build.0 = Release|Any CPU
	EndGlobalSection
	GlobalSection(SolutionProperties) = preSolution
		HideSolutionNode = FALSE
	EndGlobalSection
	GlobalSection(ExtensibilityGlobals) = postSolution
		SolutionGuid = {ED295CF5-5E84-401A-AA09-D328F8BA7E2D}
	EndGlobalSection
EndGlobal
